// !$*UTF8*$!
{
	archiveVersion = 1;
	classes = {
	};
	objectVersion = 46;
	objects = {

/* Begin PBXBuildFile section */
		056C2BD71CE3855A0081353E /* AppDelegate.swift in Sources */ = {isa = PBXBuildFile; fileRef = 056C2BD61CE3855A0081353E /* AppDelegate.swift */; };
		056C2BD91CE3855A0081353E /* art.scnassets in Resources */ = {isa = PBXBuildFile; fileRef = 056C2BD81CE3855A0081353E /* art.scnassets */; };
		056C2BDB1CE3855A0081353E /* GameViewController.swift in Sources */ = {isa = PBXBuildFile; fileRef = 056C2BDA1CE3855A0081353E /* GameViewController.swift */; };
		056C2BDE1CE3855A0081353E /* Main.storyboard in Resources */ = {isa = PBXBuildFile; fileRef = 056C2BDC1CE3855A0081353E /* Main.storyboard */; };
		056C2BE01CE3855A0081353E /* Assets.xcassets in Resources */ = {isa = PBXBuildFile; fileRef = 056C2BDF1CE3855A0081353E /* Assets.xcassets */; };
		056C2BE31CE3855A0081353E /* LaunchScreen.storyboard in Resources */ = {isa = PBXBuildFile; fileRef = 056C2BE11CE3855A0081353E /* LaunchScreen.storyboard */; };
/* End PBXBuildFile section */

/* Begin PBXFileReference section */
		056C2BD31CE3855A0081353E /* SceneKitDemo.app */ = {isa = PBXFileReference; explicitFileType = wrapper.application; includeInIndex = 0; path = SceneKitDemo.app; sourceTree = BUILT_PRODUCTS_DIR; };
		056C2BD61CE3855A0081353E /* AppDelegate.swift */ = {isa = PBXFileReference; lastKnownFileType = sourcecode.swift; path = AppDelegate.swift; sourceTree = "<group>"; };
		056C2BD81CE3855A0081353E /* art.scnassets */ = {isa = PBXFileReference; lastKnownFileType = wrapper.scnassets; path = art.scnassets; sourceTree = "<group>"; };
		056C2BDA1CE3855A0081353E /* GameViewController.swift */ = {isa = PBXFileReference; lastKnownFileType = sourcecode.swift; path = GameViewController.swift; sourceTree = "<group>"; };
		056C2BDD1CE3855A0081353E /* Base */ = {isa = PBXFileReference; lastKnownFileType = file.storyboard; name = Base; path = Base.lproj/Main.storyboard; sourceTree = "<group>"; };
		056C2BDF1CE3855A0081353E /* Assets.xcassets */ = {isa = PBXFileReference; lastKnownFileType = folder.assetcatalog; path = Assets.xcassets; sourceTree = "<group>"; };
		056C2BE21CE3855A0081353E /* Base */ = {isa = PBXFileReference; lastKnownFileType = file.storyboard; name = Base; path = Base.lproj/LaunchScreen.storyboard; sourceTree = "<group>"; };
		056C2BE41CE3855A0081353E /* Info.plist */ = {isa = PBXFileReference; lastKnownFileType = text.plist.xml; path = Info.plist; sourceTree = "<group>"; };
/* End PBXFileReference section */

/* Begin PBXFrameworksBuildPhase section */
		056C2BD01CE3855A0081353E /* Frameworks */ = {
			isa = PBXFrameworksBuildPhase;
			buildActionMask = 2147483647;
			files = (
			);
			runOnlyForDeploymentPostprocessing = 0;
		};
/* End PBXFrameworksBuildPhase section */

/* Begin PBXGroup section */
		056C2BCA1CE3855A0081353E = {
			isa = PBXGroup;
			children = (
				056C2BD51CE3855A0081353E /* SceneKitDemo */,
				056C2BD41CE3855A0081353E /* Products */,
			);
			sourceTree = "<group>";
		};
		056C2BD41CE3855A0081353E /* Products */ = {
			isa = PBXGroup;
			children = (
				056C2BD31CE3855A0081353E /* SceneKitDemo.app */,
			);
			name = Products;
			sourceTree = "<group>";
		};
		056C2BD51CE3855A0081353E /* SceneKitDemo */ = {
			isa = PBXGroup;
			children = (
				056C2BD61CE3855A0081353E /* AppDelegate.swift */,
				056C2BD81CE3855A0081353E /* art.scnassets */,
				056C2BDA1CE3855A0081353E /* GameViewController.swift */,
				056C2BDC1CE3855A0081353E /* Main.storyboard */,
				056C2BDF1CE3855A0081353E /* Assets.xcassets */,
				056C2BE11CE3855A0081353E /* LaunchScreen.storyboard */,
				056C2BE41CE3855A0081353E /* Info.plist */,
			);
			path = SceneKitDemo;
			sourceTree = "<group>";
		};
/* End PBXGroup section */

/* Begin PBXNativeTarget section */
		056C2BD21CE3855A0081353E /* SceneKitDemo */ = {
			isa = PBXNativeTarget;
			buildConfigurationList = 056C2BE71CE3855A0081353E /* Build configuration list for PBXNativeTarget "SceneKitDemo" */;
			buildPhases = (
				056C2BCF1CE3855A0081353E /* Sources */,
				056C2BD01CE3855A0081353E /* Frameworks */,
				056C2BD11CE3855A0081353E /* Resources */,
			);
			buildRules = (
			);
			dependencies = (
			);
			name = SceneKitDemo;
			productName = SceneKitDemo;
			productReference = 056C2BD31CE3855A0081353E /* SceneKitDemo.app */;
			productType = "com.apple.product-type.application";
		};
/* End PBXNativeTarget section */

/* Begin PBXProject section */
		056C2BCB1CE3855A0081353E /* Project object */ = {
			isa = PBXProject;
			attributes = {
				LastSwiftUpdateCheck = 0720;
				LastUpgradeCheck = 0720;
				ORGANIZATIONNAME = DiaDraw;
				TargetAttributes = {
					056C2BD21CE3855A0081353E = {
						CreatedOnToolsVersion = 7.2;
					};
				};
			};
			buildConfigurationList = 056C2BCE1CE3855A0081353E /* Build configuration list for PBXProject "SceneKitDemo" */;
			compatibilityVersion = "Xcode 3.2";
			developmentRegion = English;
			hasScannedForEncodings = 0;
			knownRegions = (
				en,
				Base,
			);
			mainGroup = 056C2BCA1CE3855A0081353E;
			productRefGroup = 056C2BD41CE3855A0081353E /* Products */;
			projectDirPath = "";
			projectRoot = "";
			targets = (
				056C2BD21CE3855A0081353E /* SceneKitDemo */,
			);
		};
/* End PBXProject section */

/* Begin PBXResourcesBuildPhase section */
		056C2BD11CE3855A0081353E /* Resources */ = {
			isa = PBXResourcesBuildPhase;
			buildActionMask = 2147483647;
			files = (
				056C2BD91CE3855A0081353E /* art.scnassets in Resources */,
				056C2BE31CE3855A0081353E /* LaunchScreen.storyboard in Resources */,
				056C2BE01CE3855A0081353E /* Assets.xcassets in Resources */,
				056C2BDE1CE3855A0081353E /* Main.storyboard in Resources */,
			);
			runOnlyForDeploymentPostprocessing = 0;
		};
/* End PBXResourcesBuildPhase section */

/* Begin PBXSourcesBuildPhase section */
		056C2BCF1CE3855A0081353E /* Sources */ = {
			isa = PBXSourcesBuildPhase;
			buildActionMask = 2147483647;
			files = (
				056C2BDB1CE3855A0081353E /* GameViewController.swift in Sources */,
				056C2BD71CE3855A0081353E /* AppDelegate.swift in Sources */,
			);
			runOnlyForDeploymentPostprocessing = 0;
		};
/* End PBXSourcesBuildPhase section */

/* Begin PBXVariantGroup section */
		056C2BDC1CE3855A0081353E /* Main.storyboard */ = {
			isa = PBXVariantGroup;
			children = (
				056C2BDD1CE3855A0081353E /* Base */,
			);
			name = Main.storyboard;
			sourceTree = "<group>";
		};
		056C2BE11CE3855A0081353E /* LaunchScreen.storyboard */ = {
			isa = PBXVariantGroup;
			children = (
				056C2BE21CE3855A0081353E /* Base */,
			);
			name = LaunchScreen.storyboard;
			sourceTree = "<group>";
		};
/* End PBXVariantGroup section */

/* Begin XCBuildConfiguration section */
		056C2BE51CE3855A0081353E /* Debug */ = {
			isa = XCBuildConfiguration;
			buildSettings = {
				ALWAYS_SEARCH_USER_PATHS = NO;
				CLANG_CXX_LANGUAGE_STANDARD = "gnu++0x";
				CLANG_CXX_LIBRARY = "libc++";
				CLANG_ENABLE_MODULES = YES;
				CLANG_ENABLE_OBJC_ARC = YES;
				CLANG_WARN_BOOL_CONVERSION = YES;
				CLANG_WARN_CONSTANT_CONVERSION = YES;
				CLANG_WARN_DIRECT_OBJC_ISA_USAGE = YES_ERROR;
				CLANG_WARN_EMPTY_BODY = YES;
				CLANG_WARN_ENUM_CONVERSION = YES;
				CLANG_WARN_INT_CONVERSION = YES;
				CLANG_WARN_OBJC_ROOT_CLASS = YES_ERROR;
				CLANG_WARN_UNREACHABLE_CODE = YES;
				CLANG_WARN__DUPLICATE_METHOD_MATCH = YES;
				"CODE_SIGN_IDENTITY[sdk=iphoneos*]" = "iPhone Developer";
				COPY_PHASE_STRIP = NO;
				DEBUG_INFORMATION_FORMAT = "dwarf-with-dsym";
				ENABLE_STRICT_OBJC_MSGSEND = YES;
				ENABLE_TESTABILITY = YES;
				GCC_C_LANGUAGE_STANDARD = gnu99;
				GCC_DYNAMIC_NO_PIC = NO;
				GCC_NO_COMMON_BLOCKS = YES;
				GCC_OPTIMIZATION_LEVEL = 0;
				GCC_PREPROCESSOR_DEFINITIONS = (
					"DEBUG=1",
					"$(inherited)",
				);
				GCC_WARN_64_TO_32_BIT_CONVERSION = YES;
				GCC_WARN_ABOUT_RETURN_TYPE = YES_ERROR;
				GCC_WARN_UNDECLARED_SELECTOR = YES;
				GCC_WARN_UNINITIALIZED_AUTOS = YES_AGGRESSIVE;
				GCC_WARN_UNUSED_FUNCTION = YES;
				GCC_WARN_UNUSED_VARIABLE = YES;
				IPHONEOS_DEPLOYMENT_TARGET = 9.2;
				MTL_ENABLE_DEBUG_INFO = YES;
				ONLY_ACTIVE_ARCH = YES;
				SDKROOT = iphoneos;
				SWIFT_OPTIMIZATION_LEVEL = "-Onone";
				TARGETED_DEVICE_FAMILY = "1,2";
			};
			name = Debug;
		};
		056C2BE61CE3855A0081353E /* Release */ = {
			isa = XCBuildConfiguration;
			buildSettings = {
				ALWAYS_SEARCH_USER_PATHS = NO;
				CLANG_CXX_LANGUAGE_STANDARD = "gnu++0x";
				CLANG_CXX_LIBRARY = "libc++";
				CLANG_ENABLE_MODULES = YES;
				CLANG_ENABLE_OBJC_ARC = YES;
				CLANG_WARN_BOOL_CONVERSION = YES;
				CLANG_WARN_CONSTANT_CONVERSION = YES;
				CLANG_WARN_DIRECT_OBJC_ISA_USAGE = YES_ERROR;
				CLANG_WARN_EMPTY_BODY = YES;
				CLANG_WARN_ENUM_CONVERSION = YES;
				CLANG_WARN_INT_CONVERSION = YES;
				CLANG_WARN_OBJC_ROOT_CLASS = YES_ERROR;
				CLANG_WARN_UNREACHABLE_CODE = YES;
				CLANG_WARN__DUPLICATE_METHOD_MATCH = YES;
				"CODE_SIGN_IDENTITY[sdk=iphoneos*]" = "iPhone Developer";
				COPY_PHASE_STRIP = NO;
				DEBUG_INFORMATION_FORMAT = "dwarf-with-dsym";
				ENABLE_NS_ASSERTIONS = NO;
				ENABLE_STRICT_OBJC_MSGSEND = YES;
				GCC_C_LANGUAGE_STANDARD = gnu99;
				GCC_NO_COMMON_BLOCKS = YES;
				GCC_WARN_64_TO_32_BIT_CONVERSION = YES;
				GCC_WARN_ABOUT_RETURN_TYPE = YES_ERROR;
				GCC_WARN_UNDECLARED_SELECTOR = YES;
				GCC_WARN_UNINITIALIZED_AUTOS = YES_AGGRESSIVE;
				GCC_WARN_UNUSED_FUNCTION = YES;
				GCC_WARN_UNUSED_VARIABLE = YES;
				IPHONEOS_DEPLOYMENT_TARGET = 9.2;
				MTL_ENABLE_DEBUG_INFO = NO;
				SDKROOT = iphoneos;
				TARGETED_DEVICE_FAMILY = "1,2";
				VALIDATE_PRODUCT = YES;
			};
			name = Release;
		};
		056C2BE81CE3855A0081353E /* Debug */ = {
			isa = XCBuildConfiguration;
			buildSettings = {
				ASSETCATALOG_COMPILER_APPICON_NAME = AppIcon;
				INFOPLIST_FILE = SceneKitDemo/Info.plist;
				LD_RUNPATH_SEARCH_PATHS = "$(inherited) @executable_path/Frameworks";
				PRODUCT_BUNDLE_IDENTIFIER = com.diadraw.SceneKitDemo;
				PRODUCT_NAME = "$(TARGET_NAME)";
			};
			name = Debug;
		};
		056C2BE91CE3855A0081353E /* Release */ = {
			isa = XCBuildConfiguration;
			buildSettings = {
				ASSETCATALOG_COMPILER_APPICON_NAME = AppIcon;
				INFOPLIST_FILE = SceneKitDemo/Info.plist;
				LD_RUNPATH_SEARCH_PATHS = "$(inherited) @executable_path/Frameworks";
				PRODUCT_BUNDLE_IDENTIFIER = com.diadraw.SceneKitDemo;
				PRODUCT_NAME = "$(TARGET_NAME)";
			};
			name = Release;
		};
/* End XCBuildConfiguration section */

/* Begin XCConfigurationList section */
		056C2BCE1CE3855A0081353E /* Build configuration list for PBXProject "SceneKitDemo" */ = {
			isa = XCConfigurationList;
			buildConfigurations = (
				056C2BE51CE3855A0081353E /* Debug */,
				056C2BE61CE3855A0081353E /* Release */,
			);
			defaultConfigurationIsVisible = 0;
			defaultConfigurationName = Release;
		};
		056C2BE71CE3855A0081353E /* Build configuration list for PBXNativeTarget "SceneKitDemo" */ = {
			isa = XCConfigurationList;
			buildConfigurations = (
				056C2BE81CE3855A0081353E /* Debug */,
				056C2BE91CE3855A0081353E /* Release */,
			);
			defaultConfigurationIsVisible = 0;
		};
/* End XCConfigurationList section */
	};
	rootObject = 056C2BCB1CE3855A0081353E /* Project object */;
}
