// !$*UTF8*$!
{
	archiveVersion = 1;
	classes = {
	};
	objectVersion = 46;
	objects = {

/* Begin PBXBuildFile section */
		05560CF01B569C1500D8B7B4 /* AppDelegate.swift in Sources */ = {isa = PBXBuildFile; fileRef = 05560CEF1B569C1500D8B7B4 /* AppDelegate.swift */; };
		05560CF21B569C1500D8B7B4 /* ViewController.swift in Sources */ = {isa = PBXBuildFile; fileRef = 05560CF11B569C1500D8B7B4 /* ViewController.swift */; };
		05560CF51B569C1500D8B7B4 /* Main.storyboard in Resources */ = {isa = PBXBuildFile; fileRef = 05560CF31B569C1500D8B7B4 /* Main.storyboard */; };
		05560CF71B569C1500D8B7B4 /* Images.xcassets in Resources */ = {isa = PBXBuildFile; fileRef = 05560CF61B569C1500D8B7B4 /* Images.xcassets */; };
		05560CFA1B569C1500D8B7B4 /* LaunchScreen.xib in Resources */ = {isa = PBXBuildFile; fileRef = 05560CF81B569C1500D8B7B4 /* LaunchScreen.xib */; };
		05560D061B569C1500D8B7B4 /* DemoCoreMotionTests.swift in Sources */ = {isa = PBXBuildFile; fileRef = 05560D051B569C1500D8B7B4 /* DemoCoreMotionTests.swift */; };
/* End PBXBuildFile section */

/* Begin PBXContainerItemProxy section */
		05560D001B569C1500D8B7B4 /* PBXContainerItemProxy */ = {
			isa = PBXContainerItemProxy;
			containerPortal = 05560CE21B569C1500D8B7B4 /* Project object */;
			proxyType = 1;
			remoteGlobalIDString = 05560CE91B569C1500D8B7B4;
			remoteInfo = DemoCoreMotion;
		};
/* End PBXContainerItemProxy section */

/* Begin PBXFileReference section */
		05560CEA1B569C1500D8B7B4 /* DemoCoreMotion.app */ = {isa = PBXFileReference; explicitFileType = wrapper.application; includeInIndex = 0; path = DemoCoreMotion.app; sourceTree = BUILT_PRODUCTS_DIR; };
		05560CEE1B569C1500D8B7B4 /* Info.plist */ = {isa = PBXFileReference; lastKnownFileType = text.plist.xml; path = Info.plist; sourceTree = "<group>"; };
		05560CEF1B569C1500D8B7B4 /* AppDelegate.swift */ = {isa = PBXFileReference; lastKnownFileType = sourcecode.swift; path = AppDelegate.swift; sourceTree = "<group>"; };
		05560CF11B569C1500D8B7B4 /* ViewController.swift */ = {isa = PBXFileReference; lastKnownFileType = sourcecode.swift; path = ViewController.swift; sourceTree = "<group>"; };
		05560CF41B569C1500D8B7B4 /* Base */ = {isa = PBXFileReference; lastKnownFileType = file.storyboard; name = Base; path = Base.lproj/Main.storyboard; sourceTree = "<group>"; };
		05560CF61B569C1500D8B7B4 /* Images.xcassets */ = {isa = PBXFileReference; lastKnownFileType = folder.assetcatalog; path = Images.xcassets; sourceTree = "<group>"; };
		05560CF91B569C1500D8B7B4 /* Base */ = {isa = PBXFileReference; lastKnownFileType = file.xib; name = Base; path = Base.lproj/LaunchScreen.xib; sourceTree = "<group>"; };
		05560CFF1B569C1500D8B7B4 /* DemoCoreMotionTests.xctest */ = {isa = PBXFileReference; explicitFileType = wrapper.cfbundle; includeInIndex = 0; path = DemoCoreMotionTests.xctest; sourceTree = BUILT_PRODUCTS_DIR; };
		05560D041B569C1500D8B7B4 /* Info.plist */ = {isa = PBXFileReference; lastKnownFileType = text.plist.xml; path = Info.plist; sourceTree = "<group>"; };
		05560D051B569C1500D8B7B4 /* DemoCoreMotionTests.swift */ = {isa = PBXFileReference; lastKnownFileType = sourcecode.swift; path = DemoCoreMotionTests.swift; sourceTree = "<group>"; };
/* End PBXFileReference section */

/* Begin PBXFrameworksBuildPhase section */
		05560CE71B569C1500D8B7B4 /* Frameworks */ = {
			isa = PBXFrameworksBuildPhase;
			buildActionMask = 2147483647;
			files = (
			);
			runOnlyForDeploymentPostprocessing = 0;
		};
		05560CFC1B569C1500D8B7B4 /* Frameworks */ = {
			isa = PBXFrameworksBuildPhase;
			buildActionMask = 2147483647;
			files = (
			);
			runOnlyForDeploymentPostprocessing = 0;
		};
/* End PBXFrameworksBuildPhase section */

/* Begin PBXGroup section */
		05560CE11B569C1500D8B7B4 = {
			isa = PBXGroup;
			children = (
				05560CEC1B569C1500D8B7B4 /* DemoCoreMotion */,
				05560D021B569C1500D8B7B4 /* DemoCoreMotionTests */,
				05560CEB1B569C1500D8B7B4 /* Products */,
			);
			sourceTree = "<group>";
		};
		05560CEB1B569C1500D8B7B4 /* Products */ = {
			isa = PBXGroup;
			children = (
				05560CEA1B569C1500D8B7B4 /* DemoCoreMotion.app */,
				05560CFF1B569C1500D8B7B4 /* DemoCoreMotionTests.xctest */,
			);
			name = Products;
			sourceTree = "<group>";
		};
		05560CEC1B569C1500D8B7B4 /* DemoCoreMotion */ = {
			isa = PBXGroup;
			children = (
				05560CEF1B569C1500D8B7B4 /* AppDelegate.swift */,
				05560CF11B569C1500D8B7B4 /* ViewController.swift */,
				05560CF31B569C1500D8B7B4 /* Main.storyboard */,
				05560CF61B569C1500D8B7B4 /* Images.xcassets */,
				05560CF81B569C1500D8B7B4 /* LaunchScreen.xib */,
				05560CED1B569C1500D8B7B4 /* Supporting Files */,
			);
			path = DemoCoreMotion;
			sourceTree = "<group>";
		};
		05560CED1B569C1500D8B7B4 /* Supporting Files */ = {
			isa = PBXGroup;
			children = (
				05560CEE1B569C1500D8B7B4 /* Info.plist */,
			);
			name = "Supporting Files";
			sourceTree = "<group>";
		};
		05560D021B569C1500D8B7B4 /* DemoCoreMotionTests */ = {
			isa = PBXGroup;
			children = (
				05560D051B569C1500D8B7B4 /* DemoCoreMotionTests.swift */,
				05560D031B569C1500D8B7B4 /* Supporting Files */,
			);
			path = DemoCoreMotionTests;
			sourceTree = "<group>";
		};
		05560D031B569C1500D8B7B4 /* Supporting Files */ = {
			isa = PBXGroup;
			children = (
				05560D041B569C1500D8B7B4 /* Info.plist */,
			);
			name = "Supporting Files";
			sourceTree = "<group>";
		};
/* End PBXGroup section */

/* Begin PBXNativeTarget section */
		05560CE91B569C1500D8B7B4 /* DemoCoreMotion */ = {
			isa = PBXNativeTarget;
			buildConfigurationList = 05560D091B569C1500D8B7B4 /* Build configuration list for PBXNativeTarget "DemoCoreMotion" */;
			buildPhases = (
				05560CE61B569C1500D8B7B4 /* Sources */,
				05560CE71B569C1500D8B7B4 /* Frameworks */,
				05560CE81B569C1500D8B7B4 /* Resources */,
			);
			buildRules = (
			);
			dependencies = (
			);
			name = DemoCoreMotion;
			productName = DemoCoreMotion;
			productReference = 05560CEA1B569C1500D8B7B4 /* DemoCoreMotion.app */;
			productType = "com.apple.product-type.application";
		};
		05560CFE1B569C1500D8B7B4 /* DemoCoreMotionTests */ = {
			isa = PBXNativeTarget;
			buildConfigurationList = 05560D0C1B569C1500D8B7B4 /* Build configuration list for PBXNativeTarget "DemoCoreMotionTests" */;
			buildPhases = (
				05560CFB1B569C1500D8B7B4 /* Sources */,
				05560CFC1B569C1500D8B7B4 /* Frameworks */,
				05560CFD1B569C1500D8B7B4 /* Resources */,
			);
			buildRules = (
			);
			dependencies = (
				05560D011B569C1500D8B7B4 /* PBXTargetDependency */,
			);
			name = DemoCoreMotionTests;
			productName = DemoCoreMotionTests;
			productReference = 05560CFF1B569C1500D8B7B4 /* DemoCoreMotionTests.xctest */;
			productType = "com.apple.product-type.bundle.unit-test";
		};
/* End PBXNativeTarget section */

/* Begin PBXProject section */
		05560CE21B569C1500D8B7B4 /* Project object */ = {
			isa = PBXProject;
			attributes = {
				LastSwiftUpdateCheck = 0710;
				LastUpgradeCheck = 0640;
				ORGANIZATIONNAME = DiaDraw;
				TargetAttributes = {
					05560CE91B569C1500D8B7B4 = {
						CreatedOnToolsVersion = 6.4;
					};
					05560CFE1B569C1500D8B7B4 = {
						CreatedOnToolsVersion = 6.4;
						TestTargetID = 05560CE91B569C1500D8B7B4;
					};
				};
			};
			buildConfigurationList = 05560CE51B569C1500D8B7B4 /* Build configuration list for PBXProject "DemoCoreMotion" */;
			compatibilityVersion = "Xcode 3.2";
			developmentRegion = English;
			hasScannedForEncodings = 0;
			knownRegions = (
				en,
				Base,
			);
			mainGroup = 05560CE11B569C1500D8B7B4;
			productRefGroup = 05560CEB1B569C1500D8B7B4 /* Products */;
			projectDirPath = "";
			projectRoot = "";
			targets = (
				05560CE91B569C1500D8B7B4 /* DemoCoreMotion */,
				05560CFE1B569C1500D8B7B4 /* DemoCoreMotionTests */,
			);
		};
/* End PBXProject section */

/* Begin PBXResourcesBuildPhase section */
		05560CE81B569C1500D8B7B4 /* Resources */ = {
			isa = PBXResourcesBuildPhase;
			buildActionMask = 2147483647;
			files = (
				05560CF51B569C1500D8B7B4 /* Main.storyboard in Resources */,
				05560CFA1B569C1500D8B7B4 /* LaunchScreen.xib in Resources */,
				05560CF71B569C1500D8B7B4 /* Images.xcassets in Resources */,
			);
			runOnlyForDeploymentPostprocessing = 0;
		};
		05560CFD1B569C1500D8B7B4 /* Resources */ = {
			isa = PBXResourcesBuildPhase;
			buildActionMask = 2147483647;
			files = (
			);
			runOnlyForDeploymentPostprocessing = 0;
		};
/* End PBXResourcesBuildPhase section */

/* Begin PBXSourcesBuildPhase section */
		05560CE61B569C1500D8B7B4 /* Sources */ = {
			isa = PBXSourcesBuildPhase;
			buildActionMask = 2147483647;
			files = (
				05560CF21B569C1500D8B7B4 /* ViewController.swift in Sources */,
				05560CF01B569C1500D8B7B4 /* AppDelegate.swift in Sources */,
			);
			runOnlyForDeploymentPostprocessing = 0;
		};
		05560CFB1B569C1500D8B7B4 /* Sources */ = {
			isa = PBXSourcesBuildPhase;
			buildActionMask = 2147483647;
			files = (
				05560D061B569C1500D8B7B4 /* DemoCoreMotionTests.swift in Sources */,
			);
			runOnlyForDeploymentPostprocessing = 0;
		};
/* End PBXSourcesBuildPhase section */

/* Begin PBXTargetDependency section */
		05560D011B569C1500D8B7B4 /* PBXTargetDependency */ = {
			isa = PBXTargetDependency;
			target = 05560CE91B569C1500D8B7B4 /* DemoCoreMotion */;
			targetProxy = 05560D001B569C1500D8B7B4 /* PBXContainerItemProxy */;
		};
/* End PBXTargetDependency section */

/* Begin PBXVariantGroup section */
		05560CF31B569C1500D8B7B4 /* Main.storyboard */ = {
			isa = PBXVariantGroup;
			children = (
				05560CF41B569C1500D8B7B4 /* Base */,
			);
			name = Main.storyboard;
			sourceTree = "<group>";
		};
		05560CF81B569C1500D8B7B4 /* LaunchScreen.xib */ = {
			isa = PBXVariantGroup;
			children = (
				05560CF91B569C1500D8B7B4 /* Base */,
			);
			name = LaunchScreen.xib;
			sourceTree = "<group>";
		};
/* End PBXVariantGroup section */

/* Begin XCBuildConfiguration section */
		05560D071B569C1500D8B7B4 /* Debug */ = {
			isa = XCBuildConfiguration;
			buildSettings = {
				ALWAYS_SEARCH_USER_PATHS = NO;
				CLANG_CXX_LANGUAGE_STANDARD = "gnu++0x";
				CLANG_CXX_LIBRARY = "libc++";
				CLANG_ENABLE_MODULES = YES;
				CLANG_ENABLE_OBJC_ARC = YES;
				CLANG_WARN_BOOL_CONVERSION = YES;
				CLANG_WARN_CONSTANT_CONVERSION = YES;
				CLANG_WARN_DIRECT_OBJC_ISA_USAGE = YES_ERROR;
				CLANG_WARN_EMPTY_BODY = YES;
				CLANG_WARN_ENUM_CONVERSION = YES;
				CLANG_WARN_INT_CONVERSION = YES;
				CLANG_WARN_OBJC_ROOT_CLASS = YES_ERROR;
				CLANG_WARN_UNREACHABLE_CODE = YES;
				CLANG_WARN__DUPLICATE_METHOD_MATCH = YES;
				"CODE_SIGN_IDENTITY[sdk=iphoneos*]" = "iPhone Developer";
				COPY_PHASE_STRIP = NO;
				DEBUG_INFORMATION_FORMAT = "dwarf-with-dsym";
				ENABLE_STRICT_OBJC_MSGSEND = YES;
				GCC_C_LANGUAGE_STANDARD = gnu99;
				GCC_DYNAMIC_NO_PIC = NO;
				GCC_NO_COMMON_BLOCKS = YES;
				GCC_OPTIMIZATION_LEVEL = 0;
				GCC_PREPROCESSOR_DEFINITIONS = (
					"DEBUG=1",
					"$(inherited)",
				);
				GCC_SYMBOLS_PRIVATE_EXTERN = NO;
				GCC_WARN_64_TO_32_BIT_CONVERSION = YES;
				GCC_WARN_ABOUT_RETURN_TYPE = YES_ERROR;
				GCC_WARN_UNDECLARED_SELECTOR = YES;
				GCC_WARN_UNINITIALIZED_AUTOS = YES_AGGRESSIVE;
				GCC_WARN_UNUSED_FUNCTION = YES;
				GCC_WARN_UNUSED_VARIABLE = YES;
				IPHONEOS_DEPLOYMENT_TARGET = 8.4;
				MTL_ENABLE_DEBUG_INFO = YES;
				ONLY_ACTIVE_ARCH = YES;
				SDKROOT = iphoneos;
				SWIFT_OPTIMIZATION_LEVEL = "-Onone";
				TARGETED_DEVICE_FAMILY = "1,2";
			};
			name = Debug;
		};
		05560D081B569C1500D8B7B4 /* Release */ = {
			isa = XCBuildConfiguration;
			buildSettings = {
				ALWAYS_SEARCH_USER_PATHS = NO;
				CLANG_CXX_LANGUAGE_STANDARD = "gnu++0x";
				CLANG_CXX_LIBRARY = "libc++";
				CLANG_ENABLE_MODULES = YES;
				CLANG_ENABLE_OBJC_ARC = YES;
				CLANG_WARN_BOOL_CONVERSION = YES;
				CLANG_WARN_CONSTANT_CONVERSION = YES;
				CLANG_WARN_DIRECT_OBJC_ISA_USAGE = YES_ERROR;
				CLANG_WARN_EMPTY_BODY = YES;
				CLANG_WARN_ENUM_CONVERSION = YES;
				CLANG_WARN_INT_CONVERSION = YES;
				CLANG_WARN_OBJC_ROOT_CLASS = YES_ERROR;
				CLANG_WARN_UNREACHABLE_CODE = YES;
				CLANG_WARN__DUPLICATE_METHOD_MATCH = YES;
				"CODE_SIGN_IDENTITY[sdk=iphoneos*]" = "iPhone Developer";
				COPY_PHASE_STRIP = NO;
				DEBUG_INFORMATION_FORMAT = "dwarf-with-dsym";
				ENABLE_NS_ASSERTIONS = NO;
				ENABLE_STRICT_OBJC_MSGSEND = YES;
				GCC_C_LANGUAGE_STANDARD = gnu99;
				GCC_NO_COMMON_BLOCKS = YES;
				GCC_WARN_64_TO_32_BIT_CONVERSION = YES;
				GCC_WARN_ABOUT_RETURN_TYPE = YES_ERROR;
				GCC_WARN_UNDECLARED_SELECTOR = YES;
				GCC_WARN_UNINITIALIZED_AUTOS = YES_AGGRESSIVE;
				GCC_WARN_UNUSED_FUNCTION = YES;
				GCC_WARN_UNUSED_VARIABLE = YES;
				IPHONEOS_DEPLOYMENT_TARGET = 8.4;
				MTL_ENABLE_DEBUG_INFO = NO;
				SDKROOT = iphoneos;
				TARGETED_DEVICE_FAMILY = "1,2";
				VALIDATE_PRODUCT = YES;
			};
			name = Release;
		};
		05560D0A1B569C1500D8B7B4 /* Debug */ = {
			isa = XCBuildConfiguration;
			buildSettings = {
				ASSETCATALOG_COMPILER_APPICON_NAME = AppIcon;
				INFOPLIST_FILE = DemoCoreMotion/Info.plist;
				IPHONEOS_DEPLOYMENT_TARGET = 8.0;
				LD_RUNPATH_SEARCH_PATHS = "$(inherited) @executable_path/Frameworks";
				PRODUCT_NAME = "$(TARGET_NAME)";
				TARGETED_DEVICE_FAMILY = "1,2";
			};
			name = Debug;
		};
		05560D0B1B569C1500D8B7B4 /* Release */ = {
			isa = XCBuildConfiguration;
			buildSettings = {
				ASSETCATALOG_COMPILER_APPICON_NAME = AppIcon;
				INFOPLIST_FILE = DemoCoreMotion/Info.plist;
				IPHONEOS_DEPLOYMENT_TARGET = 8.0;
				LD_RUNPATH_SEARCH_PATHS = "$(inherited) @executable_path/Frameworks";
				PRODUCT_NAME = "$(TARGET_NAME)";
				TARGETED_DEVICE_FAMILY = "1,2";
			};
			name = Release;
		};
		05560D0D1B569C1500D8B7B4 /* Debug */ = {
			isa = XCBuildConfiguration;
			buildSettings = {
				BUNDLE_LOADER = "$(TEST_HOST)";
				FRAMEWORK_SEARCH_PATHS = (
					"$(SDKROOT)/Developer/Library/Frameworks",
					"$(inherited)",
				);
				GCC_PREPROCESSOR_DEFINITIONS = (
					"DEBUG=1",
					"$(inherited)",
				);
				INFOPLIST_FILE = DemoCoreMotionTests/Info.plist;
				LD_RUNPATH_SEARCH_PATHS = "$(inherited) @executable_path/Frameworks @loader_path/Frameworks";
				PRODUCT_NAME = "$(TARGET_NAME)";
				TEST_HOST = "$(BUILT_PRODUCTS_DIR)/DemoCoreMotion.app/DemoCoreMotion";
			};
			name = Debug;
		};
		05560D0E1B569C1500D8B7B4 /* Release */ = {
			isa = XCBuildConfiguration;
			buildSettings = {
				BUNDLE_LOADER = "$(TEST_HOST)";
				FRAMEWORK_SEARCH_PATHS = (
					"$(SDKROOT)/Developer/Library/Frameworks",
					"$(inherited)",
				);
				INFOPLIST_FILE = DemoCoreMotionTests/Info.plist;
				LD_RUNPATH_SEARCH_PATHS = "$(inherited) @executable_path/Frameworks @loader_path/Frameworks";
				PRODUCT_NAME = "$(TARGET_NAME)";
				TEST_HOST = "$(BUILT_PRODUCTS_DIR)/DemoCoreMotion.app/DemoCoreMotion";
			};
			name = Release;
		};
/* End XCBuildConfiguration section */

/* Begin XCConfigurationList section */
		05560CE51B569C1500D8B7B4 /* Build configuration list for PBXProject "DemoCoreMotion" */ = {
			isa = XCConfigurationList;
			buildConfigurations = (
				05560D071B569C1500D8B7B4 /* Debug */,
				05560D081B569C1500D8B7B4 /* Release */,
			);
			defaultConfigurationIsVisible = 0;
			defaultConfigurationName = Release;
		};
		05560D091B569C1500D8B7B4 /* Build configuration list for PBXNativeTarget "DemoCoreMotion" */ = {
			isa = XCConfigurationList;
			buildConfigurations = (
				05560D0A1B569C1500D8B7B4 /* Debug */,
				05560D0B1B569C1500D8B7B4 /* Release */,
			);
			defaultConfigurationIsVisible = 0;
			defaultConfigurationName = Release;
		};
		05560D0C1B569C1500D8B7B4 /* Build configuration list for PBXNativeTarget "DemoCoreMotionTests" */ = {
			isa = XCConfigurationList;
			buildConfigurations = (
				05560D0D1B569C1500D8B7B4 /* Debug */,
				05560D0E1B569C1500D8B7B4 /* Release */,
			);
			defaultConfigurationIsVisible = 0;
			defaultConfigurationName = Release;
		};
/* End XCConfigurationList section */
	};
	rootObject = 05560CE21B569C1500D8B7B4 /* Project object */;
}
