// !$*UTF8*$!
{
	archiveVersion = 1;
	classes = {
	};
	objectVersion = 46;
	objects = {

/* Begin PBXBuildFile section */
		059DCA681CC922D90024902E /* AppDelegate.swift in Sources */ = {isa = PBXBuildFile; fileRef = 059DCA671CC922D90024902E /* AppDelegate.swift */; };
		059DCA6A1CC922D90024902E /* ViewController.swift in Sources */ = {isa = PBXBuildFile; fileRef = 059DCA691CC922D90024902E /* ViewController.swift */; };
		059DCA6D1CC922D90024902E /* Main.storyboard in Resources */ = {isa = PBXBuildFile; fileRef = 059DCA6B1CC922D90024902E /* Main.storyboard */; };
		059DCA6F1CC922D90024902E /* Assets.xcassets in Resources */ = {isa = PBXBuildFile; fileRef = 059DCA6E1CC922D90024902E /* Assets.xcassets */; };
		059DCA721CC922D90024902E /* LaunchScreen.storyboard in Resources */ = {isa = PBXBuildFile; fileRef = 059DCA701CC922D90024902E /* LaunchScreen.storyboard */; };
/* End PBXBuildFile section */

/* Begin PBXFileReference section */
		059DCA641CC922D90024902E /* SocialSharingApp.app */ = {isa = PBXFileReference; explicitFileType = wrapper.application; includeInIndex = 0; path = SocialSharingApp.app; sourceTree = BUILT_PRODUCTS_DIR; };
		059DCA671CC922D90024902E /* AppDelegate.swift */ = {isa = PBXFileReference; lastKnownFileType = sourcecode.swift; path = AppDelegate.swift; sourceTree = "<group>"; };
		059DCA691CC922D90024902E /* ViewController.swift */ = {isa = PBXFileReference; lastKnownFileType = sourcecode.swift; path = ViewController.swift; sourceTree = "<group>"; };
		059DCA6C1CC922D90024902E /* Base */ = {isa = PBXFileReference; lastKnownFileType = file.storyboard; name = Base; path = Base.lproj/Main.storyboard; sourceTree = "<group>"; };
		059DCA6E1CC922D90024902E /* Assets.xcassets */ = {isa = PBXFileReference; lastKnownFileType = folder.assetcatalog; path = Assets.xcassets; sourceTree = "<group>"; };
		059DCA711CC922D90024902E /* Base */ = {isa = PBXFileReference; lastKnownFileType = file.storyboard; name = Base; path = Base.lproj/LaunchScreen.storyboard; sourceTree = "<group>"; };
		059DCA731CC922D90024902E /* Info.plist */ = {isa = PBXFileReference; lastKnownFileType = text.plist.xml; path = Info.plist; sourceTree = "<group>"; };
/* End PBXFileReference section */

/* Begin PBXFrameworksBuildPhase section */
		059DCA611CC922D80024902E /* Frameworks */ = {
			isa = PBXFrameworksBuildPhase;
			buildActionMask = 2147483647;
			files = (
			);
			runOnlyForDeploymentPostprocessing = 0;
		};
/* End PBXFrameworksBuildPhase section */

/* Begin PBXGroup section */
		059DCA5B1CC922D80024902E = {
			isa = PBXGroup;
			children = (
				059DCA661CC922D90024902E /* SocialSharingApp */,
				059DCA651CC922D90024902E /* Products */,
			);
			sourceTree = "<group>";
		};
		059DCA651CC922D90024902E /* Products */ = {
			isa = PBXGroup;
			children = (
				059DCA641CC922D90024902E /* SocialSharingApp.app */,
			);
			name = Products;
			sourceTree = "<group>";
		};
		059DCA661CC922D90024902E /* SocialSharingApp */ = {
			isa = PBXGroup;
			children = (
				059DCA671CC922D90024902E /* AppDelegate.swift */,
				059DCA691CC922D90024902E /* ViewController.swift */,
				059DCA6B1CC922D90024902E /* Main.storyboard */,
				059DCA6E1CC922D90024902E /* Assets.xcassets */,
				059DCA701CC922D90024902E /* LaunchScreen.storyboard */,
				059DCA731CC922D90024902E /* Info.plist */,
			);
			path = SocialSharingApp;
			sourceTree = "<group>";
		};
/* End PBXGroup section */

/* Begin PBXNativeTarget section */
		059DCA631CC922D80024902E /* SocialSharingApp */ = {
			isa = PBXNativeTarget;
			buildConfigurationList = 059DCA761CC922D90024902E /* Build configuration list for PBXNativeTarget "SocialSharingApp" */;
			buildPhases = (
				059DCA601CC922D80024902E /* Sources */,
				059DCA611CC922D80024902E /* Frameworks */,
				059DCA621CC922D80024902E /* Resources */,
			);
			buildRules = (
			);
			dependencies = (
			);
			name = SocialSharingApp;
			productName = SocialSharingApp;
			productReference = 059DCA641CC922D90024902E /* SocialSharingApp.app */;
			productType = "com.apple.product-type.application";
		};
/* End PBXNativeTarget section */

/* Begin PBXProject section */
		059DCA5C1CC922D80024902E /* Project object */ = {
			isa = PBXProject;
			attributes = {
				LastSwiftUpdateCheck = 0720;
				LastUpgradeCheck = 0720;
				ORGANIZATIONNAME = DiaDraw;
				TargetAttributes = {
					059DCA631CC922D80024902E = {
						CreatedOnToolsVersion = 7.2;
					};
				};
			};
			buildConfigurationList = 059DCA5F1CC922D80024902E /* Build configuration list for PBXProject "SocialSharingApp" */;
			compatibilityVersion = "Xcode 3.2";
			developmentRegion = English;
			hasScannedForEncodings = 0;
			knownRegions = (
				en,
				Base,
			);
			mainGroup = 059DCA5B1CC922D80024902E;
			productRefGroup = 059DCA651CC922D90024902E /* Products */;
			projectDirPath = "";
			projectRoot = "";
			targets = (
				059DCA631CC922D80024902E /* SocialSharingApp */,
			);
		};
/* End PBXProject section */

/* Begin PBXResourcesBuildPhase section */
		059DCA621CC922D80024902E /* Resources */ = {
			isa = PBXResourcesBuildPhase;
			buildActionMask = 2147483647;
			files = (
				059DCA721CC922D90024902E /* LaunchScreen.storyboard in Resources */,
				059DCA6F1CC922D90024902E /* Assets.xcassets in Resources */,
				059DCA6D1CC922D90024902E /* Main.storyboard in Resources */,
			);
			runOnlyForDeploymentPostprocessing = 0;
		};
/* End PBXResourcesBuildPhase section */

/* Begin PBXSourcesBuildPhase section */
		059DCA601CC922D80024902E /* Sources */ = {
			isa = PBXSourcesBuildPhase;
			buildActionMask = 2147483647;
			files = (
				059DCA6A1CC922D90024902E /* ViewController.swift in Sources */,
				059DCA681CC922D90024902E /* AppDelegate.swift in Sources */,
			);
			runOnlyForDeploymentPostprocessing = 0;
		};
/* End PBXSourcesBuildPhase section */

/* Begin PBXVariantGroup section */
		059DCA6B1CC922D90024902E /* Main.storyboard */ = {
			isa = PBXVariantGroup;
			children = (
				059DCA6C1CC922D90024902E /* Base */,
			);
			name = Main.storyboard;
			sourceTree = "<group>";
		};
		059DCA701CC922D90024902E /* LaunchScreen.storyboard */ = {
			isa = PBXVariantGroup;
			children = (
				059DCA711CC922D90024902E /* Base */,
			);
			name = LaunchScreen.storyboard;
			sourceTree = "<group>";
		};
/* End PBXVariantGroup section */

/* Begin XCBuildConfiguration section */
		059DCA741CC922D90024902E /* Debug */ = {
			isa = XCBuildConfiguration;
			buildSettings = {
				ALWAYS_SEARCH_USER_PATHS = NO;
				CLANG_CXX_LANGUAGE_STANDARD = "gnu++0x";
				CLANG_CXX_LIBRARY = "libc++";
				CLANG_ENABLE_MODULES = YES;
				CLANG_ENABLE_OBJC_ARC = YES;
				CLANG_WARN_BOOL_CONVERSION = YES;
				CLANG_WARN_CONSTANT_CONVERSION = YES;
				CLANG_WARN_DIRECT_OBJC_ISA_USAGE = YES_ERROR;
				CLANG_WARN_EMPTY_BODY = YES;
				CLANG_WARN_ENUM_CONVERSION = YES;
				CLANG_WARN_INT_CONVERSION = YES;
				CLANG_WARN_OBJC_ROOT_CLASS = YES_ERROR;
				CLANG_WARN_UNREACHABLE_CODE = YES;
				CLANG_WARN__DUPLICATE_METHOD_MATCH = YES;
				"CODE_SIGN_IDENTITY[sdk=iphoneos*]" = "iPhone Developer";
				COPY_PHASE_STRIP = NO;
				DEBUG_INFORMATION_FORMAT = dwarf;
				ENABLE_STRICT_OBJC_MSGSEND = YES;
				ENABLE_TESTABILITY = YES;
				GCC_C_LANGUAGE_STANDARD = gnu99;
				GCC_DYNAMIC_NO_PIC = NO;
				GCC_NO_COMMON_BLOCKS = YES;
				GCC_OPTIMIZATION_LEVEL = 0;
				GCC_PREPROCESSOR_DEFINITIONS = (
					"DEBUG=1",
					"$(inherited)",
				);
				GCC_WARN_64_TO_32_BIT_CONVERSION = YES;
				GCC_WARN_ABOUT_RETURN_TYPE = YES_ERROR;
				GCC_WARN_UNDECLARED_SELECTOR = YES;
				GCC_WARN_UNINITIALIZED_AUTOS = YES_AGGRESSIVE;
				GCC_WARN_UNUSED_FUNCTION = YES;
				GCC_WARN_UNUSED_VARIABLE = YES;
				IPHONEOS_DEPLOYMENT_TARGET = 9.2;
				MTL_ENABLE_DEBUG_INFO = YES;
				ONLY_ACTIVE_ARCH = YES;
				SDKROOT = iphoneos;
				SWIFT_OPTIMIZATION_LEVEL = "-Onone";
				TARGETED_DEVICE_FAMILY = "1,2";
			};
			name = Debug;
		};
		059DCA751CC922D90024902E /* Release */ = {
			isa = XCBuildConfiguration;
			buildSettings = {
				ALWAYS_SEARCH_USER_PATHS = NO;
				CLANG_CXX_LANGUAGE_STANDARD = "gnu++0x";
				CLANG_CXX_LIBRARY = "libc++";
				CLANG_ENABLE_MODULES = YES;
				CLANG_ENABLE_OBJC_ARC = YES;
				CLANG_WARN_BOOL_CONVERSION = YES;
				CLANG_WARN_CONSTANT_CONVERSION = YES;
				CLANG_WARN_DIRECT_OBJC_ISA_USAGE = YES_ERROR;
				CLANG_WARN_EMPTY_BODY = YES;
				CLANG_WARN_ENUM_CONVERSION = YES;
				CLANG_WARN_INT_CONVERSION = YES;
				CLANG_WARN_OBJC_ROOT_CLASS = YES_ERROR;
				CLANG_WARN_UNREACHABLE_CODE = YES;
				CLANG_WARN__DUPLICATE_METHOD_MATCH = YES;
				"CODE_SIGN_IDENTITY[sdk=iphoneos*]" = "iPhone Developer";
				COPY_PHASE_STRIP = NO;
				DEBUG_INFORMATION_FORMAT = "dwarf-with-dsym";
				ENABLE_NS_ASSERTIONS = NO;
				ENABLE_STRICT_OBJC_MSGSEND = YES;
				GCC_C_LANGUAGE_STANDARD = gnu99;
				GCC_NO_COMMON_BLOCKS = YES;
				GCC_WARN_64_TO_32_BIT_CONVERSION = YES;
				GCC_WARN_ABOUT_RETURN_TYPE = YES_ERROR;
				GCC_WARN_UNDECLARED_SELECTOR = YES;
				GCC_WARN_UNINITIALIZED_AUTOS = YES_AGGRESSIVE;
				GCC_WARN_UNUSED_FUNCTION = YES;
				GCC_WARN_UNUSED_VARIABLE = YES;
				IPHONEOS_DEPLOYMENT_TARGET = 9.2;
				MTL_ENABLE_DEBUG_INFO = NO;
				SDKROOT = iphoneos;
				TARGETED_DEVICE_FAMILY = "1,2";
				VALIDATE_PRODUCT = YES;
			};
			name = Release;
		};
		059DCA771CC922D90024902E /* Debug */ = {
			isa = XCBuildConfiguration;
			buildSettings = {
				ASSETCATALOG_COMPILER_APPICON_NAME = AppIcon;
				INFOPLIST_FILE = SocialSharingApp/Info.plist;
				LD_RUNPATH_SEARCH_PATHS = "$(inherited) @executable_path/Frameworks";
				PRODUCT_BUNDLE_IDENTIFIER = com.diadraw.SocialSharingApp;
				PRODUCT_NAME = "$(TARGET_NAME)";
			};
			name = Debug;
		};
		059DCA781CC922D90024902E /* Release */ = {
			isa = XCBuildConfiguration;
			buildSettings = {
				ASSETCATALOG_COMPILER_APPICON_NAME = AppIcon;
				INFOPLIST_FILE = SocialSharingApp/Info.plist;
				LD_RUNPATH_SEARCH_PATHS = "$(inherited) @executable_path/Frameworks";
				PRODUCT_BUNDLE_IDENTIFIER = com.diadraw.SocialSharingApp;
				PRODUCT_NAME = "$(TARGET_NAME)";
			};
			name = Release;
		};
/* End XCBuildConfiguration section */

/* Begin XCConfigurationList section */
		059DCA5F1CC922D80024902E /* Build configuration list for PBXProject "SocialSharingApp" */ = {
			isa = XCConfigurationList;
			buildConfigurations = (
				059DCA741CC922D90024902E /* Debug */,
				059DCA751CC922D90024902E /* Release */,
			);
			defaultConfigurationIsVisible = 0;
			defaultConfigurationName = Release;
		};
		059DCA761CC922D90024902E /* Build configuration list for PBXNativeTarget "SocialSharingApp" */ = {
			isa = XCConfigurationList;
			buildConfigurations = (
				059DCA771CC922D90024902E /* Debug */,
				059DCA781CC922D90024902E /* Release */,
			);
			defaultConfigurationIsVisible = 0;
		};
/* End XCConfigurationList section */
	};
	rootObject = 059DCA5C1CC922D80024902E /* Project object */;
}
