// !$*UTF8*$!
{
	archiveVersion = 1;
	classes = {
	};
	objectVersion = 46;
	objects = {

/* Begin PBXBuildFile section */
		0581E5871CDBB9E600D248EF /* AppDelegate.swift in Sources */ = {isa = PBXBuildFile; fileRef = 0581E5861CDBB9E600D248EF /* AppDelegate.swift */; };
		0581E5891CDBB9E600D248EF /* GameScene.sks in Resources */ = {isa = PBXBuildFile; fileRef = 0581E5881CDBB9E600D248EF /* GameScene.sks */; };
		0581E58B1CDBB9E600D248EF /* GameScene.swift in Sources */ = {isa = PBXBuildFile; fileRef = 0581E58A1CDBB9E600D248EF /* GameScene.swift */; };
		0581E58D1CDBB9E600D248EF /* GameViewController.swift in Sources */ = {isa = PBXBuildFile; fileRef = 0581E58C1CDBB9E600D248EF /* GameViewController.swift */; };
		0581E5901CDBB9E600D248EF /* Main.storyboard in Resources */ = {isa = PBXBuildFile; fileRef = 0581E58E1CDBB9E600D248EF /* Main.storyboard */; };
		0581E5921CDBB9E600D248EF /* Assets.xcassets in Resources */ = {isa = PBXBuildFile; fileRef = 0581E5911CDBB9E600D248EF /* Assets.xcassets */; };
		0581E5951CDBB9E600D248EF /* LaunchScreen.storyboard in Resources */ = {isa = PBXBuildFile; fileRef = 0581E5931CDBB9E600D248EF /* LaunchScreen.storyboard */; };
/* End PBXBuildFile section */

/* Begin PBXFileReference section */
		0581E5831CDBB9E600D248EF /* SpriteKitDemo.app */ = {isa = PBXFileReference; explicitFileType = wrapper.application; includeInIndex = 0; path = SpriteKitDemo.app; sourceTree = BUILT_PRODUCTS_DIR; };
		0581E5861CDBB9E600D248EF /* AppDelegate.swift */ = {isa = PBXFileReference; lastKnownFileType = sourcecode.swift; path = AppDelegate.swift; sourceTree = "<group>"; };
		0581E5881CDBB9E600D248EF /* GameScene.sks */ = {isa = PBXFileReference; lastKnownFileType = file.sks; path = GameScene.sks; sourceTree = "<group>"; };
		0581E58A1CDBB9E600D248EF /* GameScene.swift */ = {isa = PBXFileReference; lastKnownFileType = sourcecode.swift; path = GameScene.swift; sourceTree = "<group>"; };
		0581E58C1CDBB9E600D248EF /* GameViewController.swift */ = {isa = PBXFileReference; lastKnownFileType = sourcecode.swift; path = GameViewController.swift; sourceTree = "<group>"; };
		0581E58F1CDBB9E600D248EF /* Base */ = {isa = PBXFileReference; lastKnownFileType = file.storyboard; name = Base; path = Base.lproj/Main.storyboard; sourceTree = "<group>"; };
		0581E5911CDBB9E600D248EF /* Assets.xcassets */ = {isa = PBXFileReference; lastKnownFileType = folder.assetcatalog; path = Assets.xcassets; sourceTree = "<group>"; };
		0581E5941CDBB9E600D248EF /* Base */ = {isa = PBXFileReference; lastKnownFileType = file.storyboard; name = Base; path = Base.lproj/LaunchScreen.storyboard; sourceTree = "<group>"; };
		0581E5961CDBB9E600D248EF /* Info.plist */ = {isa = PBXFileReference; lastKnownFileType = text.plist.xml; path = Info.plist; sourceTree = "<group>"; };
/* End PBXFileReference section */

/* Begin PBXFrameworksBuildPhase section */
		0581E5801CDBB9E600D248EF /* Frameworks */ = {
			isa = PBXFrameworksBuildPhase;
			buildActionMask = 2147483647;
			files = (
			);
			runOnlyForDeploymentPostprocessing = 0;
		};
/* End PBXFrameworksBuildPhase section */

/* Begin PBXGroup section */
		0581E57A1CDBB9E600D248EF = {
			isa = PBXGroup;
			children = (
				0581E5851CDBB9E600D248EF /* SpriteKitDemo */,
				0581E5841CDBB9E600D248EF /* Products */,
			);
			sourceTree = "<group>";
		};
		0581E5841CDBB9E600D248EF /* Products */ = {
			isa = PBXGroup;
			children = (
				0581E5831CDBB9E600D248EF /* SpriteKitDemo.app */,
			);
			name = Products;
			sourceTree = "<group>";
		};
		0581E5851CDBB9E600D248EF /* SpriteKitDemo */ = {
			isa = PBXGroup;
			children = (
				0581E5861CDBB9E600D248EF /* AppDelegate.swift */,
				0581E5881CDBB9E600D248EF /* GameScene.sks */,
				0581E58A1CDBB9E600D248EF /* GameScene.swift */,
				0581E58C1CDBB9E600D248EF /* GameViewController.swift */,
				0581E58E1CDBB9E600D248EF /* Main.storyboard */,
				0581E5911CDBB9E600D248EF /* Assets.xcassets */,
				0581E5931CDBB9E600D248EF /* LaunchScreen.storyboard */,
				0581E5961CDBB9E600D248EF /* Info.plist */,
			);
			path = SpriteKitDemo;
			sourceTree = "<group>";
		};
/* End PBXGroup section */

/* Begin PBXNativeTarget section */
		0581E5821CDBB9E600D248EF /* SpriteKitDemo */ = {
			isa = PBXNativeTarget;
			buildConfigurationList = 0581E5991CDBB9E600D248EF /* Build configuration list for PBXNativeTarget "SpriteKitDemo" */;
			buildPhases = (
				0581E57F1CDBB9E600D248EF /* Sources */,
				0581E5801CDBB9E600D248EF /* Frameworks */,
				0581E5811CDBB9E600D248EF /* Resources */,
			);
			buildRules = (
			);
			dependencies = (
			);
			name = SpriteKitDemo;
			productName = SpriteKitDemo;
			productReference = 0581E5831CDBB9E600D248EF /* SpriteKitDemo.app */;
			productType = "com.apple.product-type.application";
		};
/* End PBXNativeTarget section */

/* Begin PBXProject section */
		0581E57B1CDBB9E600D248EF /* Project object */ = {
			isa = PBXProject;
			attributes = {
				LastSwiftUpdateCheck = 0720;
				LastUpgradeCheck = 0720;
				ORGANIZATIONNAME = DiaDraw;
				TargetAttributes = {
					0581E5821CDBB9E600D248EF = {
						CreatedOnToolsVersion = 7.2;
					};
				};
			};
			buildConfigurationList = 0581E57E1CDBB9E600D248EF /* Build configuration list for PBXProject "SpriteKitDemo" */;
			compatibilityVersion = "Xcode 3.2";
			developmentRegion = English;
			hasScannedForEncodings = 0;
			knownRegions = (
				en,
				Base,
			);
			mainGroup = 0581E57A1CDBB9E600D248EF;
			productRefGroup = 0581E5841CDBB9E600D248EF /* Products */;
			projectDirPath = "";
			projectRoot = "";
			targets = (
				0581E5821CDBB9E600D248EF /* SpriteKitDemo */,
			);
		};
/* End PBXProject section */

/* Begin PBXResourcesBuildPhase section */
		0581E5811CDBB9E600D248EF /* Resources */ = {
			isa = PBXResourcesBuildPhase;
			buildActionMask = 2147483647;
			files = (
				0581E5891CDBB9E600D248EF /* GameScene.sks in Resources */,
				0581E5951CDBB9E600D248EF /* LaunchScreen.storyboard in Resources */,
				0581E5921CDBB9E600D248EF /* Assets.xcassets in Resources */,
				0581E5901CDBB9E600D248EF /* Main.storyboard in Resources */,
			);
			runOnlyForDeploymentPostprocessing = 0;
		};
/* End PBXResourcesBuildPhase section */

/* Begin PBXSourcesBuildPhase section */
		0581E57F1CDBB9E600D248EF /* Sources */ = {
			isa = PBXSourcesBuildPhase;
			buildActionMask = 2147483647;
			files = (
				0581E58B1CDBB9E600D248EF /* GameScene.swift in Sources */,
				0581E58D1CDBB9E600D248EF /* GameViewController.swift in Sources */,
				0581E5871CDBB9E600D248EF /* AppDelegate.swift in Sources */,
			);
			runOnlyForDeploymentPostprocessing = 0;
		};
/* End PBXSourcesBuildPhase section */

/* Begin PBXVariantGroup section */
		0581E58E1CDBB9E600D248EF /* Main.storyboard */ = {
			isa = PBXVariantGroup;
			children = (
				0581E58F1CDBB9E600D248EF /* Base */,
			);
			name = Main.storyboard;
			sourceTree = "<group>";
		};
		0581E5931CDBB9E600D248EF /* LaunchScreen.storyboard */ = {
			isa = PBXVariantGroup;
			children = (
				0581E5941CDBB9E600D248EF /* Base */,
			);
			name = LaunchScreen.storyboard;
			sourceTree = "<group>";
		};
/* End PBXVariantGroup section */

/* Begin XCBuildConfiguration section */
		0581E5971CDBB9E600D248EF /* Debug */ = {
			isa = XCBuildConfiguration;
			buildSettings = {
				ALWAYS_SEARCH_USER_PATHS = NO;
				CLANG_CXX_LANGUAGE_STANDARD = "gnu++0x";
				CLANG_CXX_LIBRARY = "libc++";
				CLANG_ENABLE_MODULES = YES;
				CLANG_ENABLE_OBJC_ARC = YES;
				CLANG_WARN_BOOL_CONVERSION = YES;
				CLANG_WARN_CONSTANT_CONVERSION = YES;
				CLANG_WARN_DIRECT_OBJC_ISA_USAGE = YES_ERROR;
				CLANG_WARN_EMPTY_BODY = YES;
				CLANG_WARN_ENUM_CONVERSION = YES;
				CLANG_WARN_INT_CONVERSION = YES;
				CLANG_WARN_OBJC_ROOT_CLASS = YES_ERROR;
				CLANG_WARN_UNREACHABLE_CODE = YES;
				CLANG_WARN__DUPLICATE_METHOD_MATCH = YES;
				"CODE_SIGN_IDENTITY[sdk=iphoneos*]" = "iPhone Developer";
				COPY_PHASE_STRIP = NO;
				DEBUG_INFORMATION_FORMAT = "dwarf-with-dsym";
				ENABLE_STRICT_OBJC_MSGSEND = YES;
				ENABLE_TESTABILITY = YES;
				GCC_C_LANGUAGE_STANDARD = gnu99;
				GCC_DYNAMIC_NO_PIC = NO;
				GCC_NO_COMMON_BLOCKS = YES;
				GCC_OPTIMIZATION_LEVEL = 0;
				GCC_PREPROCESSOR_DEFINITIONS = (
					"DEBUG=1",
					"$(inherited)",
				);
				GCC_WARN_64_TO_32_BIT_CONVERSION = YES;
				GCC_WARN_ABOUT_RETURN_TYPE = YES_ERROR;
				GCC_WARN_UNDECLARED_SELECTOR = YES;
				GCC_WARN_UNINITIALIZED_AUTOS = YES_AGGRESSIVE;
				GCC_WARN_UNUSED_FUNCTION = YES;
				GCC_WARN_UNUSED_VARIABLE = YES;
				IPHONEOS_DEPLOYMENT_TARGET = 9.2;
				MTL_ENABLE_DEBUG_INFO = YES;
				ONLY_ACTIVE_ARCH = YES;
				SDKROOT = iphoneos;
				SWIFT_OPTIMIZATION_LEVEL = "-Onone";
				TARGETED_DEVICE_FAMILY = "1,2";
			};
			name = Debug;
		};
		0581E5981CDBB9E600D248EF /* Release */ = {
			isa = XCBuildConfiguration;
			buildSettings = {
				ALWAYS_SEARCH_USER_PATHS = NO;
				CLANG_CXX_LANGUAGE_STANDARD = "gnu++0x";
				CLANG_CXX_LIBRARY = "libc++";
				CLANG_ENABLE_MODULES = YES;
				CLANG_ENABLE_OBJC_ARC = YES;
				CLANG_WARN_BOOL_CONVERSION = YES;
				CLANG_WARN_CONSTANT_CONVERSION = YES;
				CLANG_WARN_DIRECT_OBJC_ISA_USAGE = YES_ERROR;
				CLANG_WARN_EMPTY_BODY = YES;
				CLANG_WARN_ENUM_CONVERSION = YES;
				CLANG_WARN_INT_CONVERSION = YES;
				CLANG_WARN_OBJC_ROOT_CLASS = YES_ERROR;
				CLANG_WARN_UNREACHABLE_CODE = YES;
				CLANG_WARN__DUPLICATE_METHOD_MATCH = YES;
				"CODE_SIGN_IDENTITY[sdk=iphoneos*]" = "iPhone Developer";
				COPY_PHASE_STRIP = NO;
				DEBUG_INFORMATION_FORMAT = "dwarf-with-dsym";
				ENABLE_NS_ASSERTIONS = NO;
				ENABLE_STRICT_OBJC_MSGSEND = YES;
				GCC_C_LANGUAGE_STANDARD = gnu99;
				GCC_NO_COMMON_BLOCKS = YES;
				GCC_WARN_64_TO_32_BIT_CONVERSION = YES;
				GCC_WARN_ABOUT_RETURN_TYPE = YES_ERROR;
				GCC_WARN_UNDECLARED_SELECTOR = YES;
				GCC_WARN_UNINITIALIZED_AUTOS = YES_AGGRESSIVE;
				GCC_WARN_UNUSED_FUNCTION = YES;
				GCC_WARN_UNUSED_VARIABLE = YES;
				IPHONEOS_DEPLOYMENT_TARGET = 9.2;
				MTL_ENABLE_DEBUG_INFO = NO;
				SDKROOT = iphoneos;
				TARGETED_DEVICE_FAMILY = "1,2";
				VALIDATE_PRODUCT = YES;
			};
			name = Release;
		};
		0581E59A1CDBB9E600D248EF /* Debug */ = {
			isa = XCBuildConfiguration;
			buildSettings = {
				ASSETCATALOG_COMPILER_APPICON_NAME = AppIcon;
				CODE_SIGN_IDENTITY = "iPhone Developer";
				INFOPLIST_FILE = SpriteKitDemo/Info.plist;
				LD_RUNPATH_SEARCH_PATHS = "$(inherited) @executable_path/Frameworks";
				PRODUCT_BUNDLE_IDENTIFIER = com.diadraw.SpriteKitDemo;
				PRODUCT_NAME = "$(TARGET_NAME)";
			};
			name = Debug;
		};
		0581E59B1CDBB9E600D248EF /* Release */ = {
			isa = XCBuildConfiguration;
			buildSettings = {
				ASSETCATALOG_COMPILER_APPICON_NAME = AppIcon;
				CODE_SIGN_IDENTITY = "iPhone Developer";
				INFOPLIST_FILE = SpriteKitDemo/Info.plist;
				LD_RUNPATH_SEARCH_PATHS = "$(inherited) @executable_path/Frameworks";
				PRODUCT_BUNDLE_IDENTIFIER = com.diadraw.SpriteKitDemo;
				PRODUCT_NAME = "$(TARGET_NAME)";
			};
			name = Release;
		};
/* End XCBuildConfiguration section */

/* Begin XCConfigurationList section */
		0581E57E1CDBB9E600D248EF /* Build configuration list for PBXProject "SpriteKitDemo" */ = {
			isa = XCConfigurationList;
			buildConfigurations = (
				0581E5971CDBB9E600D248EF /* Debug */,
				0581E5981CDBB9E600D248EF /* Release */,
			);
			defaultConfigurationIsVisible = 0;
			defaultConfigurationName = Release;
		};
		0581E5991CDBB9E600D248EF /* Build configuration list for PBXNativeTarget "SpriteKitDemo" */ = {
			isa = XCConfigurationList;
			buildConfigurations = (
				0581E59A1CDBB9E600D248EF /* Debug */,
				0581E59B1CDBB9E600D248EF /* Release */,
			);
			defaultConfigurationIsVisible = 0;
			defaultConfigurationName = Release;
		};
/* End XCConfigurationList section */
	};
	rootObject = 0581E57B1CDBB9E600D248EF /* Project object */;
}
