// !$*UTF8*$!
{
	archiveVersion = 1;
	classes = {
	};
	objectVersion = 46;
	objects = {

/* Begin PBXBuildFile section */
		0599C8421CB50D37001BFBE7 /* AppDelegate.swift in Sources */ = {isa = PBXBuildFile; fileRef = 0599C8411CB50D37001BFBE7 /* AppDelegate.swift */; };
		0599C8441CB50D37001BFBE7 /* ViewController.swift in Sources */ = {isa = PBXBuildFile; fileRef = 0599C8431CB50D37001BFBE7 /* ViewController.swift */; };
		0599C8471CB50D37001BFBE7 /* Main.storyboard in Resources */ = {isa = PBXBuildFile; fileRef = 0599C8451CB50D37001BFBE7 /* Main.storyboard */; };
		0599C8491CB50D37001BFBE7 /* Assets.xcassets in Resources */ = {isa = PBXBuildFile; fileRef = 0599C8481CB50D37001BFBE7 /* Assets.xcassets */; };
		0599C84C1CB50D37001BFBE7 /* LaunchScreen.storyboard in Resources */ = {isa = PBXBuildFile; fileRef = 0599C84A1CB50D37001BFBE7 /* LaunchScreen.storyboard */; };
		0599C8541CB50DD4001BFBE7 /* WeatherForecastService.swift in Sources */ = {isa = PBXBuildFile; fileRef = 0599C8531CB50DD4001BFBE7 /* WeatherForecastService.swift */; };
		05C39FFB1CBBC0EC00587966 /* ForecastModel.swift in Sources */ = {isa = PBXBuildFile; fileRef = 05C39FFA1CBBC0EB00587966 /* ForecastModel.swift */; };
/* End PBXBuildFile section */

/* Begin PBXFileReference section */
		0599C83E1CB50D37001BFBE7 /* WeatherApp.app */ = {isa = PBXFileReference; explicitFileType = wrapper.application; includeInIndex = 0; path = WeatherApp.app; sourceTree = BUILT_PRODUCTS_DIR; };
		0599C8411CB50D37001BFBE7 /* AppDelegate.swift */ = {isa = PBXFileReference; lastKnownFileType = sourcecode.swift; path = AppDelegate.swift; sourceTree = "<group>"; };
		0599C8431CB50D37001BFBE7 /* ViewController.swift */ = {isa = PBXFileReference; lastKnownFileType = sourcecode.swift; path = ViewController.swift; sourceTree = "<group>"; };
		0599C8461CB50D37001BFBE7 /* Base */ = {isa = PBXFileReference; lastKnownFileType = file.storyboard; name = Base; path = Base.lproj/Main.storyboard; sourceTree = "<group>"; };
		0599C8481CB50D37001BFBE7 /* Assets.xcassets */ = {isa = PBXFileReference; lastKnownFileType = folder.assetcatalog; path = Assets.xcassets; sourceTree = "<group>"; };
		0599C84B1CB50D37001BFBE7 /* Base */ = {isa = PBXFileReference; lastKnownFileType = file.storyboard; name = Base; path = Base.lproj/LaunchScreen.storyboard; sourceTree = "<group>"; };
		0599C84D1CB50D37001BFBE7 /* Info.plist */ = {isa = PBXFileReference; lastKnownFileType = text.plist.xml; path = Info.plist; sourceTree = "<group>"; };
		0599C8531CB50DD4001BFBE7 /* WeatherForecastService.swift */ = {isa = PBXFileReference; fileEncoding = 4; lastKnownFileType = sourcecode.swift; path = WeatherForecastService.swift; sourceTree = "<group>"; };
		05C39FFA1CBBC0EB00587966 /* ForecastModel.swift */ = {isa = PBXFileReference; fileEncoding = 4; lastKnownFileType = sourcecode.swift; path = ForecastModel.swift; sourceTree = "<group>"; };
/* End PBXFileReference section */

/* Begin PBXFrameworksBuildPhase section */
		0599C83B1CB50D37001BFBE7 /* Frameworks */ = {
			isa = PBXFrameworksBuildPhase;
			buildActionMask = 2147483647;
			files = (
			);
			runOnlyForDeploymentPostprocessing = 0;
		};
/* End PBXFrameworksBuildPhase section */

/* Begin PBXGroup section */
		0599C8351CB50D37001BFBE7 = {
			isa = PBXGroup;
			children = (
				0599C8401CB50D37001BFBE7 /* WeatherApp */,
				0599C83F1CB50D37001BFBE7 /* Products */,
			);
			sourceTree = "<group>";
		};
		0599C83F1CB50D37001BFBE7 /* Products */ = {
			isa = PBXGroup;
			children = (
				0599C83E1CB50D37001BFBE7 /* WeatherApp.app */,
			);
			name = Products;
			sourceTree = "<group>";
		};
		0599C8401CB50D37001BFBE7 /* WeatherApp */ = {
			isa = PBXGroup;
			children = (
				0599C8411CB50D37001BFBE7 /* AppDelegate.swift */,
				0599C8431CB50D37001BFBE7 /* ViewController.swift */,
				0599C8451CB50D37001BFBE7 /* Main.storyboard */,
				0599C8481CB50D37001BFBE7 /* Assets.xcassets */,
				0599C84A1CB50D37001BFBE7 /* LaunchScreen.storyboard */,
				0599C84D1CB50D37001BFBE7 /* Info.plist */,
				0599C8531CB50DD4001BFBE7 /* WeatherForecastService.swift */,
				05C39FFA1CBBC0EB00587966 /* ForecastModel.swift */,
			);
			path = WeatherApp;
			sourceTree = "<group>";
		};
/* End PBXGroup section */

/* Begin PBXNativeTarget section */
		0599C83D1CB50D37001BFBE7 /* WeatherApp */ = {
			isa = PBXNativeTarget;
			buildConfigurationList = 0599C8501CB50D37001BFBE7 /* Build configuration list for PBXNativeTarget "WeatherApp" */;
			buildPhases = (
				0599C83A1CB50D37001BFBE7 /* Sources */,
				0599C83B1CB50D37001BFBE7 /* Frameworks */,
				0599C83C1CB50D37001BFBE7 /* Resources */,
			);
			buildRules = (
			);
			dependencies = (
			);
			name = WeatherApp;
			productName = WeatherApp;
			productReference = 0599C83E1CB50D37001BFBE7 /* WeatherApp.app */;
			productType = "com.apple.product-type.application";
		};
/* End PBXNativeTarget section */

/* Begin PBXProject section */
		0599C8361CB50D37001BFBE7 /* Project object */ = {
			isa = PBXProject;
			attributes = {
				LastSwiftUpdateCheck = 0720;
				LastUpgradeCheck = 0720;
				ORGANIZATIONNAME = DiaDraw;
				TargetAttributes = {
					0599C83D1CB50D37001BFBE7 = {
						CreatedOnToolsVersion = 7.2;
					};
				};
			};
			buildConfigurationList = 0599C8391CB50D37001BFBE7 /* Build configuration list for PBXProject "WeatherApp" */;
			compatibilityVersion = "Xcode 3.2";
			developmentRegion = English;
			hasScannedForEncodings = 0;
			knownRegions = (
				en,
				Base,
			);
			mainGroup = 0599C8351CB50D37001BFBE7;
			productRefGroup = 0599C83F1CB50D37001BFBE7 /* Products */;
			projectDirPath = "";
			projectRoot = "";
			targets = (
				0599C83D1CB50D37001BFBE7 /* WeatherApp */,
			);
		};
/* End PBXProject section */

/* Begin PBXResourcesBuildPhase section */
		0599C83C1CB50D37001BFBE7 /* Resources */ = {
			isa = PBXResourcesBuildPhase;
			buildActionMask = 2147483647;
			files = (
				0599C84C1CB50D37001BFBE7 /* LaunchScreen.storyboard in Resources */,
				0599C8491CB50D37001BFBE7 /* Assets.xcassets in Resources */,
				0599C8471CB50D37001BFBE7 /* Main.storyboard in Resources */,
			);
			runOnlyForDeploymentPostprocessing = 0;
		};
/* End PBXResourcesBuildPhase section */

/* Begin PBXSourcesBuildPhase section */
		0599C83A1CB50D37001BFBE7 /* Sources */ = {
			isa = PBXSourcesBuildPhase;
			buildActionMask = 2147483647;
			files = (
				0599C8441CB50D37001BFBE7 /* ViewController.swift in Sources */,
				05C39FFB1CBBC0EC00587966 /* ForecastModel.swift in Sources */,
				0599C8541CB50DD4001BFBE7 /* WeatherForecastService.swift in Sources */,
				0599C8421CB50D37001BFBE7 /* AppDelegate.swift in Sources */,
			);
			runOnlyForDeploymentPostprocessing = 0;
		};
/* End PBXSourcesBuildPhase section */

/* Begin PBXVariantGroup section */
		0599C8451CB50D37001BFBE7 /* Main.storyboard */ = {
			isa = PBXVariantGroup;
			children = (
				0599C8461CB50D37001BFBE7 /* Base */,
			);
			name = Main.storyboard;
			sourceTree = "<group>";
		};
		0599C84A1CB50D37001BFBE7 /* LaunchScreen.storyboard */ = {
			isa = PBXVariantGroup;
			children = (
				0599C84B1CB50D37001BFBE7 /* Base */,
			);
			name = LaunchScreen.storyboard;
			sourceTree = "<group>";
		};
/* End PBXVariantGroup section */

/* Begin XCBuildConfiguration section */
		0599C84E1CB50D37001BFBE7 /* Debug */ = {
			isa = XCBuildConfiguration;
			buildSettings = {
				ALWAYS_SEARCH_USER_PATHS = NO;
				CLANG_CXX_LANGUAGE_STANDARD = "gnu++0x";
				CLANG_CXX_LIBRARY = "libc++";
				CLANG_ENABLE_MODULES = YES;
				CLANG_ENABLE_OBJC_ARC = YES;
				CLANG_WARN_BOOL_CONVERSION = YES;
				CLANG_WARN_CONSTANT_CONVERSION = YES;
				CLANG_WARN_DIRECT_OBJC_ISA_USAGE = YES_ERROR;
				CLANG_WARN_EMPTY_BODY = YES;
				CLANG_WARN_ENUM_CONVERSION = YES;
				CLANG_WARN_INT_CONVERSION = YES;
				CLANG_WARN_OBJC_ROOT_CLASS = YES_ERROR;
				CLANG_WARN_UNREACHABLE_CODE = YES;
				CLANG_WARN__DUPLICATE_METHOD_MATCH = YES;
				"CODE_SIGN_IDENTITY[sdk=iphoneos*]" = "iPhone Developer";
				COPY_PHASE_STRIP = NO;
				DEBUG_INFORMATION_FORMAT = dwarf;
				ENABLE_STRICT_OBJC_MSGSEND = YES;
				ENABLE_TESTABILITY = YES;
				GCC_C_LANGUAGE_STANDARD = gnu99;
				GCC_DYNAMIC_NO_PIC = NO;
				GCC_NO_COMMON_BLOCKS = YES;
				GCC_OPTIMIZATION_LEVEL = 0;
				GCC_PREPROCESSOR_DEFINITIONS = (
					"DEBUG=1",
					"$(inherited)",
				);
				GCC_WARN_64_TO_32_BIT_CONVERSION = YES;
				GCC_WARN_ABOUT_RETURN_TYPE = YES_ERROR;
				GCC_WARN_UNDECLARED_SELECTOR = YES;
				GCC_WARN_UNINITIALIZED_AUTOS = YES_AGGRESSIVE;
				GCC_WARN_UNUSED_FUNCTION = YES;
				GCC_WARN_UNUSED_VARIABLE = YES;
				IPHONEOS_DEPLOYMENT_TARGET = 9.2;
				MTL_ENABLE_DEBUG_INFO = YES;
				ONLY_ACTIVE_ARCH = YES;
				SDKROOT = iphoneos;
				SWIFT_OPTIMIZATION_LEVEL = "-Onone";
				TARGETED_DEVICE_FAMILY = "1,2";
			};
			name = Debug;
		};
		0599C84F1CB50D37001BFBE7 /* Release */ = {
			isa = XCBuildConfiguration;
			buildSettings = {
				ALWAYS_SEARCH_USER_PATHS = NO;
				CLANG_CXX_LANGUAGE_STANDARD = "gnu++0x";
				CLANG_CXX_LIBRARY = "libc++";
				CLANG_ENABLE_MODULES = YES;
				CLANG_ENABLE_OBJC_ARC = YES;
				CLANG_WARN_BOOL_CONVERSION = YES;
				CLANG_WARN_CONSTANT_CONVERSION = YES;
				CLANG_WARN_DIRECT_OBJC_ISA_USAGE = YES_ERROR;
				CLANG_WARN_EMPTY_BODY = YES;
				CLANG_WARN_ENUM_CONVERSION = YES;
				CLANG_WARN_INT_CONVERSION = YES;
				CLANG_WARN_OBJC_ROOT_CLASS = YES_ERROR;
				CLANG_WARN_UNREACHABLE_CODE = YES;
				CLANG_WARN__DUPLICATE_METHOD_MATCH = YES;
				"CODE_SIGN_IDENTITY[sdk=iphoneos*]" = "iPhone Developer";
				COPY_PHASE_STRIP = NO;
				DEBUG_INFORMATION_FORMAT = "dwarf-with-dsym";
				ENABLE_NS_ASSERTIONS = NO;
				ENABLE_STRICT_OBJC_MSGSEND = YES;
				GCC_C_LANGUAGE_STANDARD = gnu99;
				GCC_NO_COMMON_BLOCKS = YES;
				GCC_WARN_64_TO_32_BIT_CONVERSION = YES;
				GCC_WARN_ABOUT_RETURN_TYPE = YES_ERROR;
				GCC_WARN_UNDECLARED_SELECTOR = YES;
				GCC_WARN_UNINITIALIZED_AUTOS = YES_AGGRESSIVE;
				GCC_WARN_UNUSED_FUNCTION = YES;
				GCC_WARN_UNUSED_VARIABLE = YES;
				IPHONEOS_DEPLOYMENT_TARGET = 9.2;
				MTL_ENABLE_DEBUG_INFO = NO;
				SDKROOT = iphoneos;
				TARGETED_DEVICE_FAMILY = "1,2";
				VALIDATE_PRODUCT = YES;
			};
			name = Release;
		};
		0599C8511CB50D37001BFBE7 /* Debug */ = {
			isa = XCBuildConfiguration;
			buildSettings = {
				ASSETCATALOG_COMPILER_APPICON_NAME = AppIcon;
				INFOPLIST_FILE = WeatherApp/Info.plist;
				LD_RUNPATH_SEARCH_PATHS = "$(inherited) @executable_path/Frameworks";
				PRODUCT_BUNDLE_IDENTIFIER = com.diadraw.WeatherApp;
				PRODUCT_NAME = "$(TARGET_NAME)";
			};
			name = Debug;
		};
		0599C8521CB50D37001BFBE7 /* Release */ = {
			isa = XCBuildConfiguration;
			buildSettings = {
				ASSETCATALOG_COMPILER_APPICON_NAME = AppIcon;
				INFOPLIST_FILE = WeatherApp/Info.plist;
				LD_RUNPATH_SEARCH_PATHS = "$(inherited) @executable_path/Frameworks";
				PRODUCT_BUNDLE_IDENTIFIER = com.diadraw.WeatherApp;
				PRODUCT_NAME = "$(TARGET_NAME)";
			};
			name = Release;
		};
/* End XCBuildConfiguration section */

/* Begin XCConfigurationList section */
		0599C8391CB50D37001BFBE7 /* Build configuration list for PBXProject "WeatherApp" */ = {
			isa = XCConfigurationList;
			buildConfigurations = (
				0599C84E1CB50D37001BFBE7 /* Debug */,
				0599C84F1CB50D37001BFBE7 /* Release */,
			);
			defaultConfigurationIsVisible = 0;
			defaultConfigurationName = Release;
		};
		0599C8501CB50D37001BFBE7 /* Build configuration list for PBXNativeTarget "WeatherApp" */ = {
			isa = XCConfigurationList;
			buildConfigurations = (
				0599C8511CB50D37001BFBE7 /* Debug */,
				0599C8521CB50D37001BFBE7 /* Release */,
			);
			defaultConfigurationIsVisible = 0;
			defaultConfigurationName = Release;
		};
/* End XCConfigurationList section */
	};
	rootObject = 0599C8361CB50D37001BFBE7 /* Project object */;
}
